
Microsoft Visual Studio Solution File, Format Version 12.00
# Visual Studio 14
VisualStudioVersion = 14.0.25420.1
MinimumVisualStudioVersion = 10.0.40219.1
Project("{FAE04EC0-301F-11D3-BF4B-00C04F79EFBC}") = "ClassLibrary", "ClassLibrary\ClassLibrary.csproj", "{37BB0F52-6381-4B84-AAFF-C0702CC70CE6}"
EndProject
Project("{FAE04EC0-301F-11D3-BF4B-00C04F79EFBC}") = "TestFramework", "..\TestFramework\TestFramework.csproj", "{DA4E5A2E-DDEA-413A-9BCF-48B883A679BF}"
EndProject
Global
	GlobalSection(SolutionConfigurationPlatforms) = preSolution
		Debug|Any CPU = Debug|Any CPU
		Release|Any CPU = Release|Any CPU
	EndGlobalSection
	GlobalSection(ProjectConfigurationPlatforms) = postSolution
		{37BB0F52-6381-4B84-AAFF-C0702CC70CE6}.Debug|Any CPU.ActiveCfg = Debug|Any CPU
		{37BB0F52-6381-4B84-AAFF-C0702CC70CE6}.Debug|Any CPU.Build.0 = Debug|Any CPU
		{37BB0F52-6381-4B84-AAFF-C0702CC70CE6}.Release|Any CPU.ActiveCfg = Release|Any CPU
		{37BB0F52-6381-4B84-AAFF-C0702CC70CE6}.Release|Any CPU.Build.0 = Release|Any CPU
		{DA4E5A2E-DDEA-413A-9BCF-48B883A679BF}.Debug|Any CPU.ActiveCfg = Debug|Any CPU
		{DA4E5A2E-DDEA-413A-9BCF-48B883A679BF}.Debug|Any CPU.Build.0 = Debug|Any CPU
		{DA4E5A2E-DDEA-413A-9BCF-48B883A679BF}.Release|Any CPU.ActiveCfg = Release|Any CPU
		{DA4E5A2E-DDEA-413A-9BCF-48B883A679BF}.Release|Any CPU.Build.0 = Release|Any CPU
	EndGlobalSection
	GlobalSection(SolutionProperties) = preSolution
		HideSolutionNode = FALSE
	EndGlobalSection
EndGlobal
